
Microsoft Visual Studio Solution File, Format Version 12.00
# Visual Studio Version 17
VisualStudioVersion = 17.9.34607.119
MinimumVisualStudioVersion = 10.0.40219.1
Project("{9A19103F-16F7-4668-BE54-9A1E7A4F7556}") = "RandomTgAPI", "RandomTgAPI.csproj", "{3872674E-DC29-473B-8ED4-72C77BC2366F}"
EndProject
Global
	GlobalSection(SolutionConfigurationPlatforms) = preSolution
		Debug|Any CPU = Debug|Any CPU
		Release|Any CPU = Release|Any CPU
	EndGlobalSection
	GlobalSection(ProjectConfigurationPlatforms) = postSolution
		{3872674E-DC29-473B-8ED4-72C77BC2366F}.Debug|Any CPU.ActiveCfg = Debug|Any CPU
		{3872674E-DC29-473B-8ED4-72C77BC2366F}.Debug|Any CPU.Build.0 = Debug|Any CPU
		{3872674E-DC29-473B-8ED4-72C77BC2366F}.Release|Any CPU.ActiveCfg = Release|Any CPU
		{3872674E-DC29-473B-8ED4-72C77BC2366F}.Release|Any CPU.Build.0 = Release|Any CPU
	EndGlobalSection
	GlobalSection(SolutionProperties) = preSolution
		HideSolutionNode = FALSE
	EndGlobalSection
	GlobalSection(ExtensibilityGlobals) = postSolution
		SolutionGuid = {6BF1802B-0683-4DB2-B986-D38229EC966C}
	EndGlobalSection
EndGlobal
